Microsoft Visual Studio Solution File, Format Version 12.00
# Visual Studio 15
VisualStudioVersion = 15.0.27428.2027
MinimumVisualStudioVersion = 10.0.40219.1
Project("{9A19103F-16F7-4668-BE54-9A1E7A4F7556}") = "CEOverlordCheatMenu", "CEOverlordCheatMenu\CEOverlordCheatMenu.csproj", "{3A29745B-2967-4B1D-A7D4-59AD7031B64A}"
EndProject
Global
	GlobalSection(SolutionConfigurationPlatforms) = preSolution
		Release|Any CPU = Release|Any CPU
	EndGlobalSection
	GlobalSection(ProjectConfigurationPlatforms) = postSolution
		{3A29745B-2967-4B1D-A7D4-59AD7031B64A}.Release|Any CPU.ActiveCfg = Release|Any CPU
		{3A29745B-2967-4B1D-A7D4-59AD7031B64A}.Release|Any CPU.Build.0 = Release|Any CPU
	EndGlobalSection
	GlobalSection(SolutionProperties) = preSolution
		HideSolutionNode = FALSE
	EndGlobalSection
	GlobalSection(ExtensibilityGlobals) = postSolution
		SolutionGuid = {de969ccf-22a2-4174-bc4e-f87525cdea28}
	EndGlobalSection
EndGlobal
